// !$*UTF8*$!
{
	archiveVersion = 1;
	classes = {
	};
	objectVersion = 77;
	objects = {

/* Begin PBXBuildFile section */
		84388EBB2F8D33B700E83C9D /* GHMainTheme in Frameworks */ = {isa = PBXBuildFile; productRef = 84388EBA2F8D33B700E83C9D /* GHMainTheme */; };
		84388EBD2F8D33B700E83C9D /* GamesLib in Frameworks */ = {isa = PBXBuildFile; productRef = 84388EBC2F8D33B700E83C9D /* GamesLib */; };
		84388ECC2F8D625100E83C9D /* GHMainTheme in Frameworks */ = {isa = PBXBuildFile; productRef = 84388ECB2F8D625100E83C9D /* GHMainTheme */; };
		84388ECE2F8D625100E83C9D /* GamesLib in Frameworks */ = {isa = PBXBuildFile; productRef = 84388ECD2F8D625100E83C9D /* GamesLib */; };
		8448A94A302DDDDE00243B03 /* epllastmanstanding in Frameworks */ = {isa = PBXBuildFile; productRef = 8448A949302DDDDE00243B03 /* epllastmanstanding */; };
		845F96E62FBF4C0B00158F41 /* GHMainTheme in Frameworks */ = {isa = PBXBuildFile; productRef = 845F96E52FBF4C0B00158F41 /* GHMainTheme */; };
		845F96E82FBF4C0B00158F41 /* GamesLib in Frameworks */ = {isa = PBXBuildFile; productRef = 845F96E72FBF4C0B00158F41 /* GamesLib */; };
		845F99312FC04E9700158F41 /* GHMainTheme in Frameworks */ = {isa = PBXBuildFile; productRef = 845F99302FC04E9700158F41 /* GHMainTheme */; };
		845F99332FC04E9700158F41 /* GamesLib in Frameworks */ = {isa = PBXBuildFile; productRef = 845F99322FC04E9700158F41 /* GamesLib */; };
		847976F22F8D688900E17216 /* GHMainTheme in Frameworks */ = {isa = PBXBuildFile; productRef = 847976F12F8D688900E17216 /* GHMainTheme */; };
		847976F42F8D688900E17216 /* GamesLib in Frameworks */ = {isa = PBXBuildFile; productRef = 847976F32F8D688900E17216 /* GamesLib */; };
		848308F72FBF4B2D007BE058 /* GHMainTheme in Frameworks */ = {isa = PBXBuildFile; productRef = 848308F62FBF4B2D007BE058 /* GHMainTheme */; };
		848308F92FBF4B2D007BE058 /* GamesLib in Frameworks */ = {isa = PBXBuildFile; productRef = 848308F82FBF4B2D007BE058 /* GamesLib */; };
/* End PBXBuildFile section */

/* Begin PBXFileReference section */
		84388EA12F8D331100E83C9D /* POCfantasy.app */ = {isa = PBXFileReference; explicitFileType = wrapper.application; includeInIndex = 0; path = POCfantasy.app; sourceTree = BUILT_PRODUCTS_DIR; };
		84C01F162FC04E9700158F41 /* Config.xcconfig */ = {isa = PBXFileReference; lastKnownFileType = text.xcconfig; path = POCApp/Config.xcconfig; sourceTree = "<group>"; };
/* End PBXFileReference section */

/* Begin PBXFileSystemSynchronizedBuildFileExceptionSet section */
		84388EB32F8D331200E83C9D /* Exceptions for "POCApp" folder in "POCfantasy" target */ = {
			isa = PBXFileSystemSynchronizedBuildFileExceptionSet;
			membershipExceptions = (
				Config.xcconfig,
				Info.plist,
				Secrets.xcconfig,
				Secrets.xcconfig.example,
			);
			target = 84388EA02F8D331100E83C9D /* POCfantasy */;
		};
/* End PBXFileSystemSynchronizedBuildFileExceptionSet section */

/* Begin PBXFileSystemSynchronizedRootGroup section */
		84388EA32F8D331100E83C9D /* POCApp */ = {
			isa = PBXFileSystemSynchronizedRootGroup;
			exceptions = (
				84388EB32F8D331200E83C9D /* Exceptions for "POCApp" folder in "POCfantasy" target */,
			);
			path = POCApp;
			sourceTree = "<group>";
		};
/* End PBXFileSystemSynchronizedRootGroup section */

/* Begin PBXFrameworksBuildPhase section */
		84388E9E2F8D331100E83C9D /* Frameworks */ = {
			isa = PBXFrameworksBuildPhase;
			buildActionMask = 2147483647;
			files = (
				84388EBD2F8D33B700E83C9D /* GamesLib in Frameworks */,
				845F96E62FBF4C0B00158F41 /* GHMainTheme in Frameworks */,
				845F99332FC04E9700158F41 /* GamesLib in Frameworks */,
				847976F22F8D688900E17216 /* GHMainTheme in Frameworks */,
				8448A94A302DDDDE00243B03 /* epllastmanstanding in Frameworks */,
				84388ECC2F8D625100E83C9D /* GHMainTheme in Frameworks */,
				84388ECE2F8D625100E83C9D /* GamesLib in Frameworks */,
				845F96E82FBF4C0B00158F41 /* GamesLib in Frameworks */,
				84388EBB2F8D33B700E83C9D /* GHMainTheme in Frameworks */,
				847976F42F8D688900E17216 /* GamesLib in Frameworks */,
				848308F92FBF4B2D007BE058 /* GamesLib in Frameworks */,
				845F99312FC04E9700158F41 /* GHMainTheme in Frameworks */,
				848308F72FBF4B2D007BE058 /* GHMainTheme in Frameworks */,
			);
			runOnlyForDeploymentPostprocessing = 0;
		};
/* End PBXFrameworksBuildPhase section */

/* Begin PBXGroup section */
		84388E982F8D331100E83C9D = {
			isa = PBXGroup;
			children = (
				84C01F162FC04E9700158F41 /* Config.xcconfig */,
				84388EA32F8D331100E83C9D /* POCApp */,
				84388EC12F8D49B200E83C9D /* Frameworks */,
				84388EA22F8D331100E83C9D /* Products */,
			);
			sourceTree = "<group>";
		};
		84388EA22F8D331100E83C9D /* Products */ = {
			isa = PBXGroup;
			children = (
				84388EA12F8D331100E83C9D /* POCfantasy.app */,
			);
			name = Products;
			sourceTree = "<group>";
		};
		84388EC12F8D49B200E83C9D /* Frameworks */ = {
			isa = PBXGroup;
			children = (
			);
			name = Frameworks;
			sourceTree = "<group>";
		};
/* End PBXGroup section */

/* Begin PBXNativeTarget section */
		84388EA02F8D331100E83C9D /* POCfantasy */ = {
			isa = PBXNativeTarget;
			buildConfigurationList = 84388EB42F8D331200E83C9D /* Build configuration list for PBXNativeTarget "POCfantasy" */;
			buildPhases = (
				84388E9D2F8D331100E83C9D /* Sources */,
				84388E9E2F8D331100E83C9D /* Frameworks */,
				84388E9F2F8D331100E83C9D /* Resources */,
			);
			buildRules = (
			);
			dependencies = (
			);
			fileSystemSynchronizedGroups = (
				84388EA32F8D331100E83C9D /* POCApp */,
			);
			name = POCfantasy;
			packageProductDependencies = (
				84388EBA2F8D33B700E83C9D /* GHMainTheme */,
				84388EBC2F8D33B700E83C9D /* GamesLib */,
				84388ECB2F8D625100E83C9D /* GHMainTheme */,
				84388ECD2F8D625100E83C9D /* GamesLib */,
				847976F12F8D688900E17216 /* GHMainTheme */,
				847976F32F8D688900E17216 /* GamesLib */,
				848308F62FBF4B2D007BE058 /* GHMainTheme */,
				848308F82FBF4B2D007BE058 /* GamesLib */,
				845F96E52FBF4C0B00158F41 /* GHMainTheme */,
				845F96E72FBF4C0B00158F41 /* GamesLib */,
				845F99302FC04E9700158F41 /* GHMainTheme */,
				845F99322FC04E9700158F41 /* GamesLib */,
				8448A949302DDDDE00243B03 /* epllastmanstanding */,
			);
			productName = dtfantasy;
			productReference = 84388EA12F8D331100E83C9D /* POCfantasy.app */;
			productType = "com.apple.product-type.application";
		};
/* End PBXNativeTarget section */

/* Begin PBXProject section */
		84388E992F8D331100E83C9D /* Project object */ = {
			isa = PBXProject;
			attributes = {
				BuildIndependentTargetsInParallel = 1;
				LastSwiftUpdateCheck = 2640;
				LastUpgradeCheck = 2640;
				TargetAttributes = {
					84388EA02F8D331100E83C9D = {
						CreatedOnToolsVersion = 26.4;
					};
				};
			};
			buildConfigurationList = 84388E9C2F8D331100E83C9D /* Build configuration list for PBXProject "POCApp" */;
			developmentRegion = en;
			hasScannedForEncodings = 0;
			knownRegions = (
				en,
				Base,
			);
			mainGroup = 84388E982F8D331100E83C9D;
			minimizedProjectReferenceProxies = 1;
			packageReferences = (
				845F992F2FC04E9700158F41 /* XCRemoteSwiftPackageReference "gaming-core-ios-dt" */,
				8448A948302DDDDE00243B03 /* XCLocalSwiftPackageReference "." */,
			);
			preferredProjectObjectVersion = 77;
			productRefGroup = 84388EA22F8D331100E83C9D /* Products */;
			projectDirPath = "";
			projectRoot = "";
			targets = (
				84388EA02F8D331100E83C9D /* POCfantasy */,
			);
		};
/* End PBXProject section */

/* Begin PBXResourcesBuildPhase section */
		84388E9F2F8D331100E83C9D /* Resources */ = {
			isa = PBXResourcesBuildPhase;
			buildActionMask = 2147483647;
			files = (
			);
			runOnlyForDeploymentPostprocessing = 0;
		};
/* End PBXResourcesBuildPhase section */

/* Begin PBXSourcesBuildPhase section */
		84388E9D2F8D331100E83C9D /* Sources */ = {
			isa = PBXSourcesBuildPhase;
			buildActionMask = 2147483647;
			files = (
			);
			runOnlyForDeploymentPostprocessing = 0;
		};
/* End PBXSourcesBuildPhase section */

/* Begin XCBuildConfiguration section */
		84388EB52F8D331200E83C9D /* Debug */ = {
			isa = XCBuildConfiguration;
			baseConfigurationReference = 84C01F162FC04E9700158F41 /* Config.xcconfig */;
			buildSettings = {
				ASSETCATALOG_COMPILER_APPICON_NAME = AppIcon;
				ASSETCATALOG_COMPILER_GLOBAL_ACCENT_COLOR_NAME = AccentColor;
				CODE_SIGN_STYLE = Automatic;
				CURRENT_PROJECT_VERSION = 1;
				DEVELOPMENT_TEAM = KAAD6CN23A;
				GENERATE_INFOPLIST_FILE = YES;
				INFOPLIST_FILE = POCApp/Info.plist;
				INFOPLIST_KEY_UIApplicationSupportsIndirectInputEvents = YES;
				INFOPLIST_KEY_UILaunchStoryboardName = LaunchScreen;
				INFOPLIST_KEY_UIMainStoryboardFile = Main;
				INFOPLIST_KEY_UISupportedInterfaceOrientations_iPad = "UIInterfaceOrientationPortrait UIInterfaceOrientationPortraitUpsideDown UIInterfaceOrientationLandscapeLeft UIInterfaceOrientationLandscapeRight";
				INFOPLIST_KEY_UISupportedInterfaceOrientations_iPhone = "UIInterfaceOrientationPortrait UIInterfaceOrientationLandscapeLeft UIInterfaceOrientationLandscapeRight";
				LD_RUNPATH_SEARCH_PATHS = (
					"$(inherited)",
					"@executable_path/Frameworks",
				);
				MARKETING_VERSION = 1.0;
				PRODUCT_BUNDLE_IDENTIFIER = com.dreamteam.adhoc;
				PRODUCT_NAME = "$(TARGET_NAME)";
				STRING_CATALOG_GENERATE_SYMBOLS = YES;
				SWIFT_APPROACHABLE_CONCURRENCY = YES;
				SWIFT_DEFAULT_ACTOR_ISOLATION = MainActor;
				SWIFT_EMIT_LOC_STRINGS = YES;
				SWIFT_UPCOMING_FEATURE_MEMBER_IMPORT_VISIBILITY = YES;
				SWIFT_VERSION = 5.0;
				TARGETED_DEVICE_FAMILY = "1,2";
			};
			name = Debug;
		};
		84388EB62F8D331200E83C9D /* Release */ = {
			isa = XCBuildConfiguration;
			baseConfigurationReference = 84C01F162FC04E9700158F41 /* Config.xcconfig */;
			buildSettings = {
				ASSETCATALOG_COMPILER_APPICON_NAME = AppIcon;
				ASSETCATALOG_COMPILER_GLOBAL_ACCENT_COLOR_NAME = AccentColor;
				CODE_SIGN_STYLE = Automatic;
				CURRENT_PROJECT_VERSION = 1;
				DEVELOPMENT_TEAM = KAAD6CN23A;
				GENERATE_INFOPLIST_FILE = YES;
				INFOPLIST_FILE = POCApp/Info.plist;
				INFOPLIST_KEY_UIApplicationSupportsIndirectInputEvents = YES;
				INFOPLIST_KEY_UILaunchStoryboardName = LaunchScreen;
				INFOPLIST_KEY_UIMainStoryboardFile = Main;
				INFOPLIST_KEY_UISupportedInterfaceOrientations_iPad = "UIInterfaceOrientationPortrait UIInterfaceOrientationPortraitUpsideDown UIInterfaceOrientationLandscapeLeft UIInterfaceOrientationLandscapeRight";
				INFOPLIST_KEY_UISupportedInterfaceOrientations_iPhone = "UIInterfaceOrientationPortrait UIInterfaceOrientationLandscapeLeft UIInterfaceOrientationLandscapeRight";
				LD_RUNPATH_SEARCH_PATHS = (
					"$(inherited)",
					"@executable_path/Frameworks",
				);
				MARKETING_VERSION = 1.0;
				PRODUCT_BUNDLE_IDENTIFIER = com.dreamteam.adhoc;
				PRODUCT_NAME = "$(TARGET_NAME)";
				STRING_CATALOG_GENERATE_SYMBOLS = YES;
				SWIFT_APPROACHABLE_CONCURRENCY = YES;
				SWIFT_DEFAULT_ACTOR_ISOLATION = MainActor;
				SWIFT_EMIT_LOC_STRINGS = YES;
				SWIFT_UPCOMING_FEATURE_MEMBER_IMPORT_VISIBILITY = YES;
				SWIFT_VERSION = 5.0;
				TARGETED_DEVICE_FAMILY = "1,2";
			};
			name = Release;
		};
		84388EB72F8D331200E83C9D /* Debug */ = {
			isa = XCBuildConfiguration;
			buildSettings = {
				ALWAYS_SEARCH_USER_PATHS = NO;
				ASSETCATALOG_COMPILER_GENERATE_SWIFT_ASSET_SYMBOL_EXTENSIONS = YES;
				CLANG_ANALYZER_NONNULL = YES;
				CLANG_ANALYZER_NUMBER_OBJECT_CONVERSION = YES_AGGRESSIVE;
				CLANG_CXX_LANGUAGE_STANDARD = "gnu++20";
				CLANG_ENABLE_MODULES = YES;
				CLANG_ENABLE_OBJC_ARC = YES;
				CLANG_ENABLE_OBJC_WEAK = YES;
				CLANG_WARN_BLOCK_CAPTURE_AUTORELEASING = YES;
				CLANG_WARN_BOOL_CONVERSION = YES;
				CLANG_WARN_COMMA = YES;
				CLANG_WARN_CONSTANT_CONVERSION = YES;
				CLANG_WARN_DEPRECATED_OBJC_IMPLEMENTATIONS = YES;
				CLANG_WARN_DIRECT_OBJC_ISA_USAGE = YES_ERROR;
				CLANG_WARN_DOCUMENTATION_COMMENTS = YES;
				CLANG_WARN_EMPTY_BODY = YES;
				CLANG_WARN_ENUM_CONVERSION = YES;
				CLANG_WARN_INFINITE_RECURSION = YES;
				CLANG_WARN_INT_CONVERSION = YES;
				CLANG_WARN_NON_LITERAL_NULL_CONVERSION = YES;
				CLANG_WARN_OBJC_IMPLICIT_RETAIN_SELF = YES;
				CLANG_WARN_OBJC_LITERAL_CONVERSION = YES;
				CLANG_WARN_OBJC_ROOT_CLASS = YES_ERROR;
				CLANG_WARN_QUOTED_INCLUDE_IN_FRAMEWORK_HEADER = YES;
				CLANG_WARN_RANGE_LOOP_ANALYSIS = YES;
				CLANG_WARN_STRICT_PROTOTYPES = YES;
				CLANG_WARN_SUSPICIOUS_MOVE = YES;
				CLANG_WARN_UNGUARDED_AVAILABILITY = YES_AGGRESSIVE;
				CLANG_WARN_UNREACHABLE_CODE = YES;
				CLANG_WARN__DUPLICATE_METHOD_MATCH = YES;
				COPY_PHASE_STRIP = NO;
				DEBUG_INFORMATION_FORMAT = dwarf;
				DEVELOPMENT_TEAM = KAAD6CN23A;
				ENABLE_STRICT_OBJC_MSGSEND = YES;
				ENABLE_TESTABILITY = YES;
				ENABLE_USER_SCRIPT_SANDBOXING = YES;
				GCC_C_LANGUAGE_STANDARD = gnu17;
				GCC_DYNAMIC_NO_PIC = NO;
				GCC_NO_COMMON_BLOCKS = YES;
				GCC_OPTIMIZATION_LEVEL = 0;
				GCC_PREPROCESSOR_DEFINITIONS = (
					"DEBUG=1",
					"$(inherited)",
				);
				GCC_WARN_64_TO_32_BIT_CONVERSION = YES;
				GCC_WARN_ABOUT_RETURN_TYPE = YES_ERROR;
				GCC_WARN_UNDECLARED_SELECTOR = YES;
				GCC_WARN_UNINITIALIZED_AUTOS = YES_AGGRESSIVE;
				GCC_WARN_UNUSED_FUNCTION = YES;
				GCC_WARN_UNUSED_VARIABLE = YES;
				IPHONEOS_DEPLOYMENT_TARGET = 26.4;
				LOCALIZATION_PREFERS_STRING_CATALOGS = YES;
				MTL_ENABLE_DEBUG_INFO = INCLUDE_SOURCE;
				MTL_FAST_MATH = YES;
				ONLY_ACTIVE_ARCH = YES;
				SDKROOT = iphoneos;
				SWIFT_ACTIVE_COMPILATION_CONDITIONS = "DEBUG $(inherited)";
				SWIFT_OPTIMIZATION_LEVEL = "-Onone";
			};
			name = Debug;
		};
		84388EB82F8D331200E83C9D /* Release */ = {
			isa = XCBuildConfiguration;
			buildSettings = {
				ALWAYS_SEARCH_USER_PATHS = NO;
				ASSETCATALOG_COMPILER_GENERATE_SWIFT_ASSET_SYMBOL_EXTENSIONS = YES;
				CLANG_ANALYZER_NONNULL = YES;
				CLANG_ANALYZER_NUMBER_OBJECT_CONVERSION = YES_AGGRESSIVE;
				CLANG_CXX_LANGUAGE_STANDARD = "gnu++20";
				CLANG_ENABLE_MODULES = YES;
				CLANG_ENABLE_OBJC_ARC = YES;
				CLANG_ENABLE_OBJC_WEAK = YES;
				CLANG_WARN_BLOCK_CAPTURE_AUTORELEASING = YES;
				CLANG_WARN_BOOL_CONVERSION = YES;
				CLANG_WARN_COMMA = YES;
				CLANG_WARN_CONSTANT_CONVERSION = YES;
				CLANG_WARN_DEPRECATED_OBJC_IMPLEMENTATIONS = YES;
				CLANG_WARN_DIRECT_OBJC_ISA_USAGE = YES_ERROR;
				CLANG_WARN_DOCUMENTATION_COMMENTS = YES;
				CLANG_WARN_EMPTY_BODY = YES;
				CLANG_WARN_ENUM_CONVERSION = YES;
				CLANG_WARN_INFINITE_RECURSION = YES;
				CLANG_WARN_INT_CONVERSION = YES;
				CLANG_WARN_NON_LITERAL_NULL_CONVERSION = YES;
				CLANG_WARN_OBJC_IMPLICIT_RETAIN_SELF = YES;
				CLANG_WARN_OBJC_LITERAL_CONVERSION = YES;
				CLANG_WARN_OBJC_ROOT_CLASS = YES_ERROR;
				CLANG_WARN_QUOTED_INCLUDE_IN_FRAMEWORK_HEADER = YES;
				CLANG_WARN_RANGE_LOOP_ANALYSIS = YES;
				CLANG_WARN_STRICT_PROTOTYPES = YES;
				CLANG_WARN_SUSPICIOUS_MOVE = YES;
				CLANG_WARN_UNGUARDED_AVAILABILITY = YES_AGGRESSIVE;
				CLANG_WARN_UNREACHABLE_CODE = YES;
				CLANG_WARN__DUPLICATE_METHOD_MATCH = YES;
				COPY_PHASE_STRIP = NO;
				DEBUG_INFORMATION_FORMAT = "dwarf-with-dsym";
				DEVELOPMENT_TEAM = KAAD6CN23A;
				ENABLE_NS_ASSERTIONS = NO;
				ENABLE_STRICT_OBJC_MSGSEND = YES;
				ENABLE_USER_SCRIPT_SANDBOXING = YES;
				GCC_C_LANGUAGE_STANDARD = gnu17;
				GCC_NO_COMMON_BLOCKS = YES;
				GCC_WARN_64_TO_32_BIT_CONVERSION = YES;
				GCC_WARN_ABOUT_RETURN_TYPE = YES_ERROR;
				GCC_WARN_UNDECLARED_SELECTOR = YES;
				GCC_WARN_UNINITIALIZED_AUTOS = YES_AGGRESSIVE;
				GCC_WARN_UNUSED_FUNCTION = YES;
				GCC_WARN_UNUSED_VARIABLE = YES;
				IPHONEOS_DEPLOYMENT_TARGET = 26.4;
				LOCALIZATION_PREFERS_STRING_CATALOGS = YES;
				MTL_ENABLE_DEBUG_INFO = NO;
				MTL_FAST_MATH = YES;
				SDKROOT = iphoneos;
				SWIFT_COMPILATION_MODE = wholemodule;
				VALIDATE_PRODUCT = YES;
			};
			name = Release;
		};
/* End XCBuildConfiguration section */

/* Begin XCConfigurationList section */
		84388E9C2F8D331100E83C9D /* Build configuration list for PBXProject "POCApp" */ = {
			isa = XCConfigurationList;
			buildConfigurations = (
				84388EB72F8D331200E83C9D /* Debug */,
				84388EB82F8D331200E83C9D /* Release */,
			);
			defaultConfigurationIsVisible = 0;
			defaultConfigurationName = Release;
		};
		84388EB42F8D331200E83C9D /* Build configuration list for PBXNativeTarget "POCfantasy" */ = {
			isa = XCConfigurationList;
			buildConfigurations = (
				84388EB52F8D331200E83C9D /* Debug */,
				84388EB62F8D331200E83C9D /* Release */,
			);
			defaultConfigurationIsVisible = 0;
			defaultConfigurationName = Release;
		};
/* End XCConfigurationList section */

/* Begin XCLocalSwiftPackageReference section */
		8448A948302DDDDE00243B03 /* XCLocalSwiftPackageReference "." */ = {
			isa = XCLocalSwiftPackageReference;
			relativePath = .;
		};
/* End XCLocalSwiftPackageReference section */

/* Begin XCRemoteSwiftPackageReference section */
		845F992F2FC04E9700158F41 /* XCRemoteSwiftPackageReference "gaming-core-ios-dt" */ = {
			isa = XCRemoteSwiftPackageReference;
			repositoryURL = "https://github.com/Engagecraft-Solutions/gaming-core-ios-dt.git";
			requirement = {
				kind = upToNextMajorVersion;
				minimumVersion = 1.0.20;
			};
		};
/* End XCRemoteSwiftPackageReference section */

/* Begin XCSwiftPackageProductDependency section */
		84388EBA2F8D33B700E83C9D /* GHMainTheme */ = {
			isa = XCSwiftPackageProductDependency;
			productName = GHMainTheme;
		};
		84388EBC2F8D33B700E83C9D /* GamesLib */ = {
			isa = XCSwiftPackageProductDependency;
			productName = GamesLib;
		};
		84388ECB2F8D625100E83C9D /* GHMainTheme */ = {
			isa = XCSwiftPackageProductDependency;
			productName = GHMainTheme;
		};
		84388ECD2F8D625100E83C9D /* GamesLib */ = {
			isa = XCSwiftPackageProductDependency;
			productName = GamesLib;
		};
		8448A949302DDDDE00243B03 /* epllastmanstanding */ = {
			isa = XCSwiftPackageProductDependency;
			productName = epllastmanstanding;
		};
		845F96E52FBF4C0B00158F41 /* GHMainTheme */ = {
			isa = XCSwiftPackageProductDependency;
			productName = GHMainTheme;
		};
		845F96E72FBF4C0B00158F41 /* GamesLib */ = {
			isa = XCSwiftPackageProductDependency;
			productName = GamesLib;
		};
		845F99302FC04E9700158F41 /* GHMainTheme */ = {
			isa = XCSwiftPackageProductDependency;
			package = 845F992F2FC04E9700158F41 /* XCRemoteSwiftPackageReference "gaming-core-ios-dt" */;
			productName = GHMainTheme;
		};
		845F99322FC04E9700158F41 /* GamesLib */ = {
			isa = XCSwiftPackageProductDependency;
			package = 845F992F2FC04E9700158F41 /* XCRemoteSwiftPackageReference "gaming-core-ios-dt" */;
			productName = GamesLib;
		};
		847976F12F8D688900E17216 /* GHMainTheme */ = {
			isa = XCSwiftPackageProductDependency;
			productName = GHMainTheme;
		};
		847976F32F8D688900E17216 /* GamesLib */ = {
			isa = XCSwiftPackageProductDependency;
			productName = GamesLib;
		};
		848308F62FBF4B2D007BE058 /* GHMainTheme */ = {
			isa = XCSwiftPackageProductDependency;
			productName = GHMainTheme;
		};
		848308F82FBF4B2D007BE058 /* GamesLib */ = {
			isa = XCSwiftPackageProductDependency;
			productName = GamesLib;
		};
/* End XCSwiftPackageProductDependency section */
	};
	rootObject = 84388E992F8D331100E83C9D /* Project object */;
}
